
Microsoft Visual Studio Solution File, Format Version 12.00
# Visual Studio Version 17
VisualStudioVersion = 17.11.35327.3
MinimumVisualStudioVersion = 10.0.40219.1
Project("{FAE04EC0-301F-11D3-BF4B-00C04F79EFBC}") = "WebApplication5", "WebApplication5\WebApplication5.csproj", "{D3410FBB-ABC6-425F-8F78-0B775712B0FE}"
EndProject
Global
	GlobalSection(SolutionConfigurationPlatforms) = preSolution
		Debug|Any CPU = Debug|Any CPU
		Release|Any CPU = Release|Any CPU
	EndGlobalSection
	GlobalSection(ProjectConfigurationPlatforms) = postSolution
		{D3410FBB-ABC6-425F-8F78-0B775712B0FE}.Debug|Any CPU.ActiveCfg = Debug|Any CPU
		{D3410FBB-ABC6-425F-8F78-0B775712B0FE}.Debug|Any CPU.Build.0 = Debug|Any CPU
		{D3410FBB-ABC6-425F-8F78-0B775712B0FE}.Release|Any CPU.ActiveCfg = Release|Any CPU
		{D3410FBB-ABC6-425F-8F78-0B775712B0FE}.Release|Any CPU.Build.0 = Release|Any CPU
	EndGlobalSection
	GlobalSection(SolutionProperties) = preSolution
		HideSolutionNode = FALSE
	EndGlobalSection
	GlobalSection(ExtensibilityGlobals) = postSolution
		SolutionGuid = {0C3E3309-A296-47E8-88EC-80EACA22FDB8}
	EndGlobalSection
EndGlobal
